
Microsoft Visual Studio Solution File, Format Version 12.00
# Visual Studio Version 17
VisualStudioVersion = 17.10.35027.167
MinimumVisualStudioVersion = 10.0.40219.1
Project("{FAE04EC0-301F-11D3-BF4B-00C04F79EFBC}") = "Microservice.Gateway.YARP", "Microservice.Gateway.YARP.csproj", "{180B2B89-E772-481E-B0ED-FACFA2645C95}"
EndProject
Global
	GlobalSection(SolutionConfigurationPlatforms) = preSolution
		Debug|Any CPU = Debug|Any CPU
		Release|Any CPU = Release|Any CPU
	EndGlobalSection
	GlobalSection(ProjectConfigurationPlatforms) = postSolution
		{180B2B89-E772-481E-B0ED-FACFA2645C95}.Debug|Any CPU.ActiveCfg = Debug|Any CPU
		{180B2B89-E772-481E-B0ED-FACFA2645C95}.Debug|Any CPU.Build.0 = Debug|Any CPU
		{180B2B89-E772-481E-B0ED-FACFA2645C95}.Release|Any CPU.ActiveCfg = Release|Any CPU
		{180B2B89-E772-481E-B0ED-FACFA2645C95}.Release|Any CPU.Build.0 = Release|Any CPU
	EndGlobalSection
	GlobalSection(SolutionProperties) = preSolution
		HideSolutionNode = FALSE
	EndGlobalSection
	GlobalSection(ExtensibilityGlobals) = postSolution
		SolutionGuid = {A7FB616F-A226-40B8-B865-03F68F0FDDC7}
	EndGlobalSection
EndGlobal
